
Microsoft Visual Studio Solution File, Format Version 12.00
# Visual Studio 15
VisualStudioVersion = 15.0.27004.2002
MinimumVisualStudioVersion = 10.0.40219.1
Project("{FAE04EC0-301F-11D3-BF4B-00C04F79EFBC}") = "ReverseNumbersWithStack", "ReverseNumbersWithStack\ReverseNumbersWithStack.csproj", "{A849F36E-375B-454A-91EE-FA08DA8FCA05}"
EndProject
Project("{FAE04EC0-301F-11D3-BF4B-00C04F79EFBC}") = "BasicStackOperations", "BasicStackOperations\BasicStackOperations.csproj", "{93278C65-8D53-46E5-865B-EC4A50DBB5E0}"
EndProject
Project("{FAE04EC0-301F-11D3-BF4B-00C04F79EFBC}") = "MaximumElement", "MaximumElement\MaximumElement.csproj", "{0320BE63-50D6-4A93-811D-B455BDD457E6}"
EndProject
Project("{FAE04EC0-301F-11D3-BF4B-00C04F79EFBC}") = "BasicQueueOperations", "BasicQueueOperations\BasicQueueOperations.csproj", "{0D714D3F-D13A-473C-9FE2-D5F008C2A69F}"
EndProject
Project("{FAE04EC0-301F-11D3-BF4B-00C04F79EFBC}") = "SequenceWithQueue", "SequenceWithQueue\SequenceWithQueue.csproj", "{645B502C-2FDB-48F4-9C4D-6D1A18ECA707}"
EndProject
Project("{FAE04EC0-301F-11D3-BF4B-00C04F79EFBC}") = "TruckTour", "TruckTour\TruckTour.csproj", "{04B63142-CC22-4D76-83D1-7B4D6E90D940}"
EndProject
Project("{FAE04EC0-301F-11D3-BF4B-00C04F79EFBC}") = "BalancedParenthesis", "BalancedParenthesis\BalancedParenthesis.csproj", "{DE7A5B3D-789F-486B-9752-DB326F1E60D9}"
EndProject
Global
	GlobalSection(SolutionConfigurationPlatforms) = preSolution
		Debug|Any CPU = Debug|Any CPU
		Release|Any CPU = Release|Any CPU
	EndGlobalSection
	GlobalSection(ProjectConfigurationPlatforms) = postSolution
		{A849F36E-375B-454A-91EE-FA08DA8FCA05}.Debug|Any CPU.ActiveCfg = Debug|Any CPU
		{A849F36E-375B-454A-91EE-FA08DA8FCA05}.Debug|Any CPU.Build.0 = Debug|Any CPU
		{A849F36E-375B-454A-91EE-FA08DA8FCA05}.Release|Any CPU.ActiveCfg = Release|Any CPU
		{A849F36E-375B-454A-91EE-FA08DA8FCA05}.Release|Any CPU.Build.0 = Release|Any CPU
		{93278C65-8D53-46E5-865B-EC4A50DBB5E0}.Debug|Any CPU.ActiveCfg = Debug|Any CPU
		{93278C65-8D53-46E5-865B-EC4A50DBB5E0}.Debug|Any CPU.Build.0 = Debug|Any CPU
		{93278C65-8D53-46E5-865B-EC4A50DBB5E0}.Release|Any CPU.ActiveCfg = Release|Any CPU
		{93278C65-8D53-46E5-865B-EC4A50DBB5E0}.Release|Any CPU.Build.0 = Release|Any CPU
		{0320BE63-50D6-4A93-811D-B455BDD457E6}.Debug|Any CPU.ActiveCfg = Debug|Any CPU
		{0320BE63-50D6-4A93-811D-B455BDD457E6}.Debug|Any CPU.Build.0 = Debug|Any CPU
		{0320BE63-50D6-4A93-811D-B455BDD457E6}.Release|Any CPU.ActiveCfg = Release|Any CPU
		{0320BE63-50D6-4A93-811D-B455BDD457E6}.Release|Any CPU.Build.0 = Release|Any CPU
		{0D714D3F-D13A-473C-9FE2-D5F008C2A69F}.Debug|Any CPU.ActiveCfg = Debug|Any CPU
		{0D714D3F-D13A-473C-9FE2-D5F008C2A69F}.Debug|Any CPU.Build.0 = Debug|Any CPU
		{0D714D3F-D13A-473C-9FE2-D5F008C2A69F}.Release|Any CPU.ActiveCfg = Release|Any CPU
		{0D714D3F-D13A-473C-9FE2-D5F008C2A69F}.Release|Any CPU.Build.0 = Release|Any CPU
		{645B502C-2FDB-48F4-9C4D-6D1A18ECA707}.Debug|Any CPU.ActiveCfg = Debug|Any CPU
		{645B502C-2FDB-48F4-9C4D-6D1A18ECA707}.Debug|Any CPU.Build.0 = Debug|Any CPU
		{645B502C-2FDB-48F4-9C4D-6D1A18ECA707}.Release|Any CPU.ActiveCfg = Release|Any CPU
		{645B502C-2FDB-48F4-9C4D-6D1A18ECA707}.Release|Any CPU.Build.0 = Release|Any CPU
		{04B63142-CC22-4D76-83D1-7B4D6E90D940}.Debug|Any CPU.ActiveCfg = Debug|Any CPU
		{04B63142-CC22-4D76-83D1-7B4D6E90D940}.Debug|Any CPU.Build.0 = Debug|Any CPU
		{04B63142-CC22-4D76-83D1-7B4D6E90D940}.Release|Any CPU.ActiveCfg = Release|Any CPU
		{04B63142-CC22-4D76-83D1-7B4D6E90D940}.Release|Any CPU.Build.0 = Release|Any CPU
		{DE7A5B3D-789F-486B-9752-DB326F1E60D9}.Debug|Any CPU.ActiveCfg = Debug|Any CPU
		{DE7A5B3D-789F-486B-9752-DB326F1E60D9}.Debug|Any CPU.Build.0 = Debug|Any CPU
		{DE7A5B3D-789F-486B-9752-DB326F1E60D9}.Release|Any CPU.ActiveCfg = Release|Any CPU
		{DE7A5B3D-789F-486B-9752-DB326F1E60D9}.Release|Any CPU.Build.0 = Release|Any CPU
	EndGlobalSection
	GlobalSection(SolutionProperties) = preSolution
		HideSolutionNode = FALSE
	EndGlobalSection
	GlobalSection(ExtensibilityGlobals) = postSolution
		SolutionGuid = {09EBD3B2-6238-4B86-937C-2504902D2AE8}
	EndGlobalSection
EndGlobal
