
Microsoft Visual Studio Solution File, Format Version 12.00
# Visual Studio 2013
VisualStudioVersion = 12.0.0.0
MinimumVisualStudioVersion = 10.0.0.1
Project("{FAE04EC0-301F-11D3-BF4B-00C04F79EFBC}") = "StacksAndQueues", "StacksAndQueues.csproj", "{E1B840F5-6825-4241-910E-3BEA049C8A85}"
EndProject
Project("{FAE04EC0-301F-11D3-BF4B-00C04F79EFBC}") = "ReverseStrings", "ReverseStrings\ReverseStrings.csproj", "{F6E8760A-D0D4-4A8E-9743-C299EC7926B6}"
EndProject
Project("{FAE04EC0-301F-11D3-BF4B-00C04F79EFBC}") = "SimpleCalculator", "SimpleCalculator\SimpleCalculator.csproj", "{E190A9F3-A1D5-400F-8A1C-E520A795255D}"
EndProject
Project("{FAE04EC0-301F-11D3-BF4B-00C04F79EFBC}") = "DecimalToBinaryConverter", "DecimalToBinaryConverter\DecimalToBinaryConverter.csproj", "{91E00DEE-CBD4-4594-909F-EE166397B085}"
EndProject
Project("{FAE04EC0-301F-11D3-BF4B-00C04F79EFBC}") = "MatchingBrackets", "MatchingBrackets\MatchingBrackets.csproj", "{FFCBA3FF-72FA-4F54-842E-5C7416E0F407}"
EndProject
Project("{FAE04EC0-301F-11D3-BF4B-00C04F79EFBC}") = "HotPotato", "HotPotato\HotPotato.csproj", "{9C62401D-9A82-4BDE-943E-15E477DC6F16}"
EndProject
Project("{FAE04EC0-301F-11D3-BF4B-00C04F79EFBC}") = "MathPotato", "MathPotato\MathPotato.csproj", "{87785AAA-495D-42B2-BB02-0732DF0A2DC8}"
EndProject
Global
	GlobalSection(SolutionConfigurationPlatforms) = preSolution
		Debug|Any CPU = Debug|Any CPU
		Release|Any CPU = Release|Any CPU
	EndGlobalSection
	GlobalSection(ProjectConfigurationPlatforms) = postSolution
		{E1B840F5-6825-4241-910E-3BEA049C8A85}.Debug|Any CPU.ActiveCfg = Debug|Any CPU
		{E1B840F5-6825-4241-910E-3BEA049C8A85}.Debug|Any CPU.Build.0 = Debug|Any CPU
		{E1B840F5-6825-4241-910E-3BEA049C8A85}.Release|Any CPU.ActiveCfg = Release|Any CPU
		{E1B840F5-6825-4241-910E-3BEA049C8A85}.Release|Any CPU.Build.0 = Release|Any CPU
		{F6E8760A-D0D4-4A8E-9743-C299EC7926B6}.Debug|Any CPU.ActiveCfg = Debug|Any CPU
		{F6E8760A-D0D4-4A8E-9743-C299EC7926B6}.Debug|Any CPU.Build.0 = Debug|Any CPU
		{F6E8760A-D0D4-4A8E-9743-C299EC7926B6}.Release|Any CPU.ActiveCfg = Release|Any CPU
		{F6E8760A-D0D4-4A8E-9743-C299EC7926B6}.Release|Any CPU.Build.0 = Release|Any CPU
		{E190A9F3-A1D5-400F-8A1C-E520A795255D}.Debug|Any CPU.ActiveCfg = Debug|Any CPU
		{E190A9F3-A1D5-400F-8A1C-E520A795255D}.Debug|Any CPU.Build.0 = Debug|Any CPU
		{E190A9F3-A1D5-400F-8A1C-E520A795255D}.Release|Any CPU.ActiveCfg = Release|Any CPU
		{E190A9F3-A1D5-400F-8A1C-E520A795255D}.Release|Any CPU.Build.0 = Release|Any CPU
		{91E00DEE-CBD4-4594-909F-EE166397B085}.Debug|Any CPU.ActiveCfg = Debug|Any CPU
		{91E00DEE-CBD4-4594-909F-EE166397B085}.Debug|Any CPU.Build.0 = Debug|Any CPU
		{91E00DEE-CBD4-4594-909F-EE166397B085}.Release|Any CPU.ActiveCfg = Release|Any CPU
		{91E00DEE-CBD4-4594-909F-EE166397B085}.Release|Any CPU.Build.0 = Release|Any CPU
		{FFCBA3FF-72FA-4F54-842E-5C7416E0F407}.Debug|Any CPU.ActiveCfg = Debug|Any CPU
		{FFCBA3FF-72FA-4F54-842E-5C7416E0F407}.Debug|Any CPU.Build.0 = Debug|Any CPU
		{FFCBA3FF-72FA-4F54-842E-5C7416E0F407}.Release|Any CPU.ActiveCfg = Release|Any CPU
		{FFCBA3FF-72FA-4F54-842E-5C7416E0F407}.Release|Any CPU.Build.0 = Release|Any CPU
		{9C62401D-9A82-4BDE-943E-15E477DC6F16}.Debug|Any CPU.ActiveCfg = Debug|Any CPU
		{9C62401D-9A82-4BDE-943E-15E477DC6F16}.Debug|Any CPU.Build.0 = Debug|Any CPU
		{9C62401D-9A82-4BDE-943E-15E477DC6F16}.Release|Any CPU.ActiveCfg = Release|Any CPU
		{9C62401D-9A82-4BDE-943E-15E477DC6F16}.Release|Any CPU.Build.0 = Release|Any CPU
		{87785AAA-495D-42B2-BB02-0732DF0A2DC8}.Debug|Any CPU.ActiveCfg = Debug|Any CPU
		{87785AAA-495D-42B2-BB02-0732DF0A2DC8}.Debug|Any CPU.Build.0 = Debug|Any CPU
		{87785AAA-495D-42B2-BB02-0732DF0A2DC8}.Release|Any CPU.ActiveCfg = Release|Any CPU
		{87785AAA-495D-42B2-BB02-0732DF0A2DC8}.Release|Any CPU.Build.0 = Release|Any CPU
	EndGlobalSection
	GlobalSection(SolutionProperties) = preSolution
		HideSolutionNode = FALSE
	EndGlobalSection
EndGlobal
