
Microsoft Visual Studio Solution File, Format Version 12.00
# Visual Studio 15
VisualStudioVersion = 15.0.27130.2026
MinimumVisualStudioVersion = 10.0.40219.1
Project("{9A19103F-16F7-4668-BE54-9A1E7A4F7556}") = "MatrixOfPalindromes", "MatrixOfPalindromes\MatrixOfPalindromes.csproj", "{1C6C0F3F-0BD0-4222-AA5A-959CC5F6A89D}"
EndProject
Project("{9A19103F-16F7-4668-BE54-9A1E7A4F7556}") = "DiagonalDifference", "DiagonalDifference\DiagonalDifference.csproj", "{FCB2A88D-0000-4AA8-A9BF-32667F0B71C3}"
EndProject
Project("{9A19103F-16F7-4668-BE54-9A1E7A4F7556}") = "SquareInMatrix", "SquareInMatrix\SquareInMatrix.csproj", "{841E424F-7589-4793-BDB5-36064D810845}"
EndProject
Project("{9A19103F-16F7-4668-BE54-9A1E7A4F7556}") = "MaximalSum", "MaximalSum\MaximalSum.csproj", "{F486416A-74E7-4AAD-9209-E9044E502326}"
EndProject
Project("{FAE04EC0-301F-11D3-BF4B-00C04F79EFBC}") = "RubikMatrix", "RubikMatrix\RubikMatrix.csproj", "{568A3118-0CB6-4FEF-A826-76C1118F166B}"
EndProject
Project("{FAE04EC0-301F-11D3-BF4B-00C04F79EFBC}") = "TargetPractice", "TargetPractice\TargetPractice.csproj", "{5B65E9C9-2F3E-4901-9FE1-619D7B0E63BD}"
EndProject
Project("{FAE04EC0-301F-11D3-BF4B-00C04F79EFBC}") = "LegoBlocks", "LegoBlocks\LegoBlocks.csproj", "{5797D8E7-AD57-45B7-9D0F-ED3DAA432EFF}"
EndProject
Global
	GlobalSection(SolutionConfigurationPlatforms) = preSolution
		Debug|Any CPU = Debug|Any CPU
		Release|Any CPU = Release|Any CPU
	EndGlobalSection
	GlobalSection(ProjectConfigurationPlatforms) = postSolution
		{1C6C0F3F-0BD0-4222-AA5A-959CC5F6A89D}.Debug|Any CPU.ActiveCfg = Debug|Any CPU
		{1C6C0F3F-0BD0-4222-AA5A-959CC5F6A89D}.Debug|Any CPU.Build.0 = Debug|Any CPU
		{1C6C0F3F-0BD0-4222-AA5A-959CC5F6A89D}.Release|Any CPU.ActiveCfg = Release|Any CPU
		{1C6C0F3F-0BD0-4222-AA5A-959CC5F6A89D}.Release|Any CPU.Build.0 = Release|Any CPU
		{FCB2A88D-0000-4AA8-A9BF-32667F0B71C3}.Debug|Any CPU.ActiveCfg = Debug|Any CPU
		{FCB2A88D-0000-4AA8-A9BF-32667F0B71C3}.Debug|Any CPU.Build.0 = Debug|Any CPU
		{FCB2A88D-0000-4AA8-A9BF-32667F0B71C3}.Release|Any CPU.ActiveCfg = Release|Any CPU
		{FCB2A88D-0000-4AA8-A9BF-32667F0B71C3}.Release|Any CPU.Build.0 = Release|Any CPU
		{841E424F-7589-4793-BDB5-36064D810845}.Debug|Any CPU.ActiveCfg = Debug|Any CPU
		{841E424F-7589-4793-BDB5-36064D810845}.Debug|Any CPU.Build.0 = Debug|Any CPU
		{841E424F-7589-4793-BDB5-36064D810845}.Release|Any CPU.ActiveCfg = Release|Any CPU
		{841E424F-7589-4793-BDB5-36064D810845}.Release|Any CPU.Build.0 = Release|Any CPU
		{F486416A-74E7-4AAD-9209-E9044E502326}.Debug|Any CPU.ActiveCfg = Debug|Any CPU
		{F486416A-74E7-4AAD-9209-E9044E502326}.Debug|Any CPU.Build.0 = Debug|Any CPU
		{F486416A-74E7-4AAD-9209-E9044E502326}.Release|Any CPU.ActiveCfg = Release|Any CPU
		{F486416A-74E7-4AAD-9209-E9044E502326}.Release|Any CPU.Build.0 = Release|Any CPU
		{568A3118-0CB6-4FEF-A826-76C1118F166B}.Debug|Any CPU.ActiveCfg = Debug|Any CPU
		{568A3118-0CB6-4FEF-A826-76C1118F166B}.Debug|Any CPU.Build.0 = Debug|Any CPU
		{568A3118-0CB6-4FEF-A826-76C1118F166B}.Release|Any CPU.ActiveCfg = Release|Any CPU
		{568A3118-0CB6-4FEF-A826-76C1118F166B}.Release|Any CPU.Build.0 = Release|Any CPU
		{5B65E9C9-2F3E-4901-9FE1-619D7B0E63BD}.Debug|Any CPU.ActiveCfg = Debug|Any CPU
		{5B65E9C9-2F3E-4901-9FE1-619D7B0E63BD}.Debug|Any CPU.Build.0 = Debug|Any CPU
		{5B65E9C9-2F3E-4901-9FE1-619D7B0E63BD}.Release|Any CPU.ActiveCfg = Release|Any CPU
		{5B65E9C9-2F3E-4901-9FE1-619D7B0E63BD}.Release|Any CPU.Build.0 = Release|Any CPU
		{5797D8E7-AD57-45B7-9D0F-ED3DAA432EFF}.Debug|Any CPU.ActiveCfg = Debug|Any CPU
		{5797D8E7-AD57-45B7-9D0F-ED3DAA432EFF}.Debug|Any CPU.Build.0 = Debug|Any CPU
		{5797D8E7-AD57-45B7-9D0F-ED3DAA432EFF}.Release|Any CPU.ActiveCfg = Release|Any CPU
		{5797D8E7-AD57-45B7-9D0F-ED3DAA432EFF}.Release|Any CPU.Build.0 = Release|Any CPU
	EndGlobalSection
	GlobalSection(SolutionProperties) = preSolution
		HideSolutionNode = FALSE
	EndGlobalSection
	GlobalSection(ExtensibilityGlobals) = postSolution
		SolutionGuid = {FE2218E7-D6A4-403F-A118-303EAA4481B5}
	EndGlobalSection
EndGlobal
