
Microsoft Visual Studio Solution File, Format Version 12.00
# Visual Studio 15
VisualStudioVersion = 15.0.27130.2026
MinimumVisualStudioVersion = 10.0.40219.1
Project("{9A19103F-16F7-4668-BE54-9A1E7A4F7556}") = "Launcher", "Launcher\Launcher.csproj", "{2C2A0C85-4FB0-453B-9CA5-0932664A9154}"
EndProject
Global
	GlobalSection(SolutionConfigurationPlatforms) = preSolution
		Debug|Any CPU = Debug|Any CPU
		Release|Any CPU = Release|Any CPU
	EndGlobalSection
	GlobalSection(ProjectConfigurationPlatforms) = postSolution
		{2C2A0C85-4FB0-453B-9CA5-0932664A9154}.Debug|Any CPU.ActiveCfg = Debug|Any CPU
		{2C2A0C85-4FB0-453B-9CA5-0932664A9154}.Debug|Any CPU.Build.0 = Debug|Any CPU
		{2C2A0C85-4FB0-453B-9CA5-0932664A9154}.Release|Any CPU.ActiveCfg = Release|Any CPU
		{2C2A0C85-4FB0-453B-9CA5-0932664A9154}.Release|Any CPU.Build.0 = Release|Any CPU
	EndGlobalSection
	GlobalSection(SolutionProperties) = preSolution
		HideSolutionNode = FALSE
	EndGlobalSection
	GlobalSection(ExtensibilityGlobals) = postSolution
		SolutionGuid = {97EFE4EE-21CD-4D06-A6EC-46ED8BC8FE99}
	EndGlobalSection
EndGlobal
